
Microsoft Visual Studio Solution File, Format Version 12.00
# Visual Studio Version 16
VisualStudioVersion = 16.0.31205.134
MinimumVisualStudioVersion = 10.0.40219.1
Project("{FAE04EC0-301F-11D3-BF4B-00C04F79EFBC}") = "ConnectFour", "ConnectFour\ConnectFour.csproj", "{111C4DCE-872D-4BB2-8FAE-0032F3F07BC9}"
EndProject
Global
	GlobalSection(SolutionConfigurationPlatforms) = preSolution
		Debug|Any CPU = Debug|Any CPU
		Release|Any CPU = Release|Any CPU
	EndGlobalSection
	GlobalSection(ProjectConfigurationPlatforms) = postSolution
		{111C4DCE-872D-4BB2-8FAE-0032F3F07BC9}.Debug|Any CPU.ActiveCfg = Debug|Any CPU
		{111C4DCE-872D-4BB2-8FAE-0032F3F07BC9}.Debug|Any CPU.Build.0 = Debug|Any CPU
		{111C4DCE-872D-4BB2-8FAE-0032F3F07BC9}.Release|Any CPU.ActiveCfg = Release|Any CPU
		{111C4DCE-872D-4BB2-8FAE-0032F3F07BC9}.Release|Any CPU.Build.0 = Release|Any CPU
	EndGlobalSection
	GlobalSection(SolutionProperties) = preSolution
		HideSolutionNode = FALSE
	EndGlobalSection
	GlobalSection(ExtensibilityGlobals) = postSolution
		SolutionGuid = {03F322DD-606B-43BF-9468-80ED2515AE66}
	EndGlobalSection
EndGlobal
